
Microsoft Visual Studio Solution File, Format Version 12.00
# Visual Studio 15
VisualStudioVersion = 15.0.28010.2041
MinimumVisualStudioVersion = 10.0.40219.1
Project("{8BC9CEB8-8B4A-11D0-8D11-00A0C91BC942}") = "newDesktop", "newDesktop\newDesktop.vcxproj", "{D25B08E4-DB86-4B44-B774-C99A24428855}"
EndProject
Project("{8BC9CEB8-8B4A-11D0-8D11-00A0C91BC942}") = "执行外部程序", "执行外部程序\执行外部程序.vcxproj", "{7F9FB840-D7B4-462F-9AE2-D87657DC4D05}"
EndProject
Global
	GlobalSection(SolutionConfigurationPlatforms) = preSolution
		Debug|x64 = Debug|x64
		Debug|x86 = Debug|x86
		Release|x64 = Release|x64
		Release|x86 = Release|x86
	EndGlobalSection
	GlobalSection(ProjectConfigurationPlatforms) = postSolution
		{D25B08E4-DB86-4B44-B774-C99A24428855}.Debug|x64.ActiveCfg = Debug|x64
		{D25B08E4-DB86-4B44-B774-C99A24428855}.Debug|x64.Build.0 = Debug|x64
		{D25B08E4-DB86-4B44-B774-C99A24428855}.Debug|x86.ActiveCfg = Debug|Win32
		{D25B08E4-DB86-4B44-B774-C99A24428855}.Debug|x86.Build.0 = Debug|Win32
		{D25B08E4-DB86-4B44-B774-C99A24428855}.Release|x64.ActiveCfg = Release|x64
		{D25B08E4-DB86-4B44-B774-C99A24428855}.Release|x64.Build.0 = Release|x64
		{D25B08E4-DB86-4B44-B774-C99A24428855}.Release|x86.ActiveCfg = Release|Win32
		{D25B08E4-DB86-4B44-B774-C99A24428855}.Release|x86.Build.0 = Release|Win32
		{7F9FB840-D7B4-462F-9AE2-D87657DC4D05}.Debug|x64.ActiveCfg = Debug|x64
		{7F9FB840-D7B4-462F-9AE2-D87657DC4D05}.Debug|x64.Build.0 = Debug|x64
		{7F9FB840-D7B4-462F-9AE2-D87657DC4D05}.Debug|x86.ActiveCfg = Debug|Win32
		{7F9FB840-D7B4-462F-9AE2-D87657DC4D05}.Debug|x86.Build.0 = Debug|Win32
		{7F9FB840-D7B4-462F-9AE2-D87657DC4D05}.Release|x64.ActiveCfg = Release|x64
		{7F9FB840-D7B4-462F-9AE2-D87657DC4D05}.Release|x64.Build.0 = Release|x64
		{7F9FB840-D7B4-462F-9AE2-D87657DC4D05}.Release|x86.ActiveCfg = Release|Win32
		{7F9FB840-D7B4-462F-9AE2-D87657DC4D05}.Release|x86.Build.0 = Release|Win32
	EndGlobalSection
	GlobalSection(SolutionProperties) = preSolution
		HideSolutionNode = FALSE
	EndGlobalSection
	GlobalSection(ExtensibilityGlobals) = postSolution
		SolutionGuid = {89E723CB-CA64-4B00-B26C-76D861EC1D3D}
	EndGlobalSection
EndGlobal
